// !$*UTF8*$!
{
	archiveVersion = 1;
	classes = {
	};
	objectVersion = 56;
	objects = {

/* Begin PBXBuildFile section */
		A91C7DF12CA5DB9400516021 /* MapView.swift in Sources */ = {isa = PBXBuildFile; fileRef = A91C7DF02CA5DB9400516021 /* MapView.swift */; };
		A978D27C2D4183A1003FC349 /* TripLogView.swift in Sources */ = {isa = PBXBuildFile; fileRef = A978D27B2D4183A1003FC349 /* TripLogView.swift */; };
		A978D27E2D4932E0003FC349 /* Trip.swift in Sources */ = {isa = PBXBuildFile; fileRef = A978D27D2D4932E0003FC349 /* Trip.swift */; };
		A98427552CA4B6B400C28D0D /* LocationTrackerNKCApp.swift in Sources */ = {isa = PBXBuildFile; fileRef = A98427542CA4B6B400C28D0D /* LocationTrackerNKCApp.swift */; };
		A98427592CA4B6B600C28D0D /* Assets.xcassets in Resources */ = {isa = PBXBuildFile; fileRef = A98427582CA4B6B600C28D0D /* Assets.xcassets */; };
		A984275C2CA4B6B600C28D0D /* Preview Assets.xcassets in Resources */ = {isa = PBXBuildFile; fileRef = A984275B2CA4B6B600C28D0D /* Preview Assets.xcassets */; };
		A98427642CA4B8BC00C28D0D /* LocationManager.swift in Sources */ = {isa = PBXBuildFile; fileRef = A98427632CA4B8BC00C28D0D /* LocationManager.swift */; };
		A98427662CA4BE3C00C28D0D /* ContentView.swift in Sources */ = {isa = PBXBuildFile; fileRef = A98427652CA4BE3C00C28D0D /* ContentView.swift */; };
/* End PBXBuildFile section */

/* Begin PBXFileReference section */
		A91C7DF02CA5DB9400516021 /* MapView.swift */ = {isa = PBXFileReference; lastKnownFileType = sourcecode.swift; path = MapView.swift; sourceTree = "<group>"; };
		A978D27B2D4183A1003FC349 /* TripLogView.swift */ = {isa = PBXFileReference; lastKnownFileType = sourcecode.swift; path = TripLogView.swift; sourceTree = "<group>"; };
		A978D27D2D4932E0003FC349 /* Trip.swift */ = {isa = PBXFileReference; lastKnownFileType = sourcecode.swift; path = Trip.swift; sourceTree = "<group>"; };
		A98427512CA4B6B400C28D0D /* LocationTrackerNKC.app */ = {isa = PBXFileReference; explicitFileType = wrapper.application; includeInIndex = 0; path = LocationTrackerNKC.app; sourceTree = BUILT_PRODUCTS_DIR; };
		A98427542CA4B6B400C28D0D /* LocationTrackerNKCApp.swift */ = {isa = PBXFileReference; lastKnownFileType = sourcecode.swift; path = LocationTrackerNKCApp.swift; sourceTree = "<group>"; };
		A98427582CA4B6B600C28D0D /* Assets.xcassets */ = {isa = PBXFileReference; lastKnownFileType = folder.assetcatalog; path = Assets.xcassets; sourceTree = "<group>"; };
		A984275B2CA4B6B600C28D0D /* Preview Assets.xcassets */ = {isa = PBXFileReference; lastKnownFileType = folder.assetcatalog; path = "Preview Assets.xcassets"; sourceTree = "<group>"; };
		A98427632CA4B8BC00C28D0D /* LocationManager.swift */ = {isa = PBXFileReference; lastKnownFileType = sourcecode.swift; path = LocationManager.swift; sourceTree = "<group>"; };
		A98427652CA4BE3C00C28D0D /* ContentView.swift */ = {isa = PBXFileReference; lastKnownFileType = sourcecode.swift; path = ContentView.swift; sourceTree = "<group>"; };
/* End PBXFileReference section */

/* Begin PBXFrameworksBuildPhase section */
		A984274E2CA4B6B400C28D0D /* Frameworks */ = {
			isa = PBXFrameworksBuildPhase;
			buildActionMask = 2147483647;
			files = (
			);
			runOnlyForDeploymentPostprocessing = 0;
		};
/* End PBXFrameworksBuildPhase section */

/* Begin PBXGroup section */
		A98427482CA4B6B400C28D0D = {
			isa = PBXGroup;
			children = (
				A98427532CA4B6B400C28D0D /* LocationTrackerNKC */,
				A98427522CA4B6B400C28D0D /* Products */,
			);
			sourceTree = "<group>";
		};
		A98427522CA4B6B400C28D0D /* Products */ = {
			isa = PBXGroup;
			children = (
				A98427512CA4B6B400C28D0D /* LocationTrackerNKC.app */,
			);
			name = Products;
			sourceTree = "<group>";
		};
		A98427532CA4B6B400C28D0D /* LocationTrackerNKC */ = {
			isa = PBXGroup;
			children = (
				A98427542CA4B6B400C28D0D /* LocationTrackerNKCApp.swift */,
				A98427652CA4BE3C00C28D0D /* ContentView.swift */,
				A91C7DF02CA5DB9400516021 /* MapView.swift */,
				A98427632CA4B8BC00C28D0D /* LocationManager.swift */,
				A978D27B2D4183A1003FC349 /* TripLogView.swift */,
				A978D27D2D4932E0003FC349 /* Trip.swift */,
				A98427582CA4B6B600C28D0D /* Assets.xcassets */,
				A984275A2CA4B6B600C28D0D /* Preview Content */,
			);
			path = LocationTrackerNKC;
			sourceTree = "<group>";
		};
		A984275A2CA4B6B600C28D0D /* Preview Content */ = {
			isa = PBXGroup;
			children = (
				A984275B2CA4B6B600C28D0D /* Preview Assets.xcassets */,
			);
			path = "Preview Content";
			sourceTree = "<group>";
		};
/* End PBXGroup section */

/* Begin PBXNativeTarget section */
		A98427502CA4B6B400C28D0D /* LocationTrackerNKC */ = {
			isa = PBXNativeTarget;
			buildConfigurationList = A984275F2CA4B6B600C28D0D /* Build configuration list for PBXNativeTarget "LocationTrackerNKC" */;
			buildPhases = (
				A984274D2CA4B6B400C28D0D /* Sources */,
				A984274E2CA4B6B400C28D0D /* Frameworks */,
				A984274F2CA4B6B400C28D0D /* Resources */,
			);
			buildRules = (
			);
			dependencies = (
			);
			name = LocationTrackerNKC;
			productName = LocationTrackerNKC;
			productReference = A98427512CA4B6B400C28D0D /* LocationTrackerNKC.app */;
			productType = "com.apple.product-type.application";
		};
/* End PBXNativeTarget section */

/* Begin PBXProject section */
		A98427492CA4B6B400C28D0D /* Project object */ = {
			isa = PBXProject;
			attributes = {
				BuildIndependentTargetsInParallel = 1;
				KnownAssetTags = (
					New,
				);
				LastSwiftUpdateCheck = 1540;
				LastUpgradeCheck = 1540;
				TargetAttributes = {
					A98427502CA4B6B400C28D0D = {
						CreatedOnToolsVersion = 15.4;
					};
				};
			};
			buildConfigurationList = A984274C2CA4B6B400C28D0D /* Build configuration list for PBXProject "LocationTrackerNKC" */;
			compatibilityVersion = "Xcode 14.0";
			developmentRegion = en;
			hasScannedForEncodings = 0;
			knownRegions = (
				en,
				Base,
			);
			mainGroup = A98427482CA4B6B400C28D0D;
			productRefGroup = A98427522CA4B6B400C28D0D /* Products */;
			projectDirPath = "";
			projectRoot = "";
			targets = (
				A98427502CA4B6B400C28D0D /* LocationTrackerNKC */,
			);
		};
/* End PBXProject section */

/* Begin PBXResourcesBuildPhase section */
		A984274F2CA4B6B400C28D0D /* Resources */ = {
			isa = PBXResourcesBuildPhase;
			buildActionMask = 2147483647;
			files = (
				A984275C2CA4B6B600C28D0D /* Preview Assets.xcassets in Resources */,
				A98427592CA4B6B600C28D0D /* Assets.xcassets in Resources */,
			);
			runOnlyForDeploymentPostprocessing = 0;
		};
/* End PBXResourcesBuildPhase section */

/* Begin PBXSourcesBuildPhase section */
		A984274D2CA4B6B400C28D0D /* Sources */ = {
			isa = PBXSourcesBuildPhase;
			buildActionMask = 2147483647;
			files = (
				A978D27E2D4932E0003FC349 /* Trip.swift in Sources */,
				A98427552CA4B6B400C28D0D /* LocationTrackerNKCApp.swift in Sources */,
				A91C7DF12CA5DB9400516021 /* MapView.swift in Sources */,
				A98427662CA4BE3C00C28D0D /* ContentView.swift in Sources */,
				A978D27C2D4183A1003FC349 /* TripLogView.swift in Sources */,
				A98427642CA4B8BC00C28D0D /* LocationManager.swift in Sources */,
			);
			runOnlyForDeploymentPostprocessing = 0;
		};
/* End PBXSourcesBuildPhase section */

/* Begin XCBuildConfiguration section */
		A984275D2CA4B6B600C28D0D /* Debug */ = {
			isa = XCBuildConfiguration;
			buildSettings = {
				ALWAYS_SEARCH_USER_PATHS = NO;
				ASSETCATALOG_COMPILER_GENERATE_SWIFT_ASSET_SYMBOL_EXTENSIONS = YES;
				CLANG_ANALYZER_NONNULL = YES;
				CLANG_ANALYZER_NUMBER_OBJECT_CONVERSION = YES_AGGRESSIVE;
				CLANG_CXX_LANGUAGE_STANDARD = "gnu++20";
				CLANG_ENABLE_MODULES = YES;
				CLANG_ENABLE_OBJC_ARC = YES;
				CLANG_ENABLE_OBJC_WEAK = YES;
				CLANG_WARN_BLOCK_CAPTURE_AUTORELEASING = YES;
				CLANG_WARN_BOOL_CONVERSION = YES;
				CLANG_WARN_COMMA = YES;
				CLANG_WARN_CONSTANT_CONVERSION = YES;
				CLANG_WARN_DEPRECATED_OBJC_IMPLEMENTATIONS = YES;
				CLANG_WARN_DIRECT_OBJC_ISA_USAGE = YES_ERROR;
				CLANG_WARN_DOCUMENTATION_COMMENTS = YES;
				CLANG_WARN_EMPTY_BODY = YES;
				CLANG_WARN_ENUM_CONVERSION = YES;
				CLANG_WARN_INFINITE_RECURSION = YES;
				CLANG_WARN_INT_CONVERSION = YES;
				CLANG_WARN_NON_LITERAL_NULL_CONVERSION = YES;
				CLANG_WARN_OBJC_IMPLICIT_RETAIN_SELF = YES;
				CLANG_WARN_OBJC_LITERAL_CONVERSION = YES;
				CLANG_WARN_OBJC_ROOT_CLASS = YES_ERROR;
				CLANG_WARN_QUOTED_INCLUDE_IN_FRAMEWORK_HEADER = YES;
				CLANG_WARN_RANGE_LOOP_ANALYSIS = YES;
				CLANG_WARN_STRICT_PROTOTYPES = YES;
				CLANG_WARN_SUSPICIOUS_MOVE = YES;
				CLANG_WARN_UNGUARDED_AVAILABILITY = YES_AGGRESSIVE;
				CLANG_WARN_UNREACHABLE_CODE = YES;
				CLANG_WARN__DUPLICATE_METHOD_MATCH = YES;
				COPY_PHASE_STRIP = NO;
				DEBUG_INFORMATION_FORMAT = dwarf;
				ENABLE_STRICT_OBJC_MSGSEND = YES;
				ENABLE_TESTABILITY = YES;
				ENABLE_USER_SCRIPT_SANDBOXING = YES;
				GCC_C_LANGUAGE_STANDARD = gnu17;
				GCC_DYNAMIC_NO_PIC = NO;
				GCC_NO_COMMON_BLOCKS = YES;
				GCC_OPTIMIZATION_LEVEL = 0;
				GCC_PREPROCESSOR_DEFINITIONS = (
					"DEBUG=1",
					"$(inherited)",
				);
				GCC_WARN_64_TO_32_BIT_CONVERSION = YES;
				GCC_WARN_ABOUT_RETURN_TYPE = YES_ERROR;
				GCC_WARN_UNDECLARED_SELECTOR = YES;
				GCC_WARN_UNINITIALIZED_AUTOS = YES_AGGRESSIVE;
				GCC_WARN_UNUSED_FUNCTION = YES;
				GCC_WARN_UNUSED_VARIABLE = YES;
				IPHONEOS_DEPLOYMENT_TARGET = 17.5;
				LOCALIZATION_PREFERS_STRING_CATALOGS = YES;
				MTL_ENABLE_DEBUG_INFO = INCLUDE_SOURCE;
				MTL_FAST_MATH = YES;
				ONLY_ACTIVE_ARCH = YES;
				SDKROOT = iphoneos;
				SWIFT_ACTIVE_COMPILATION_CONDITIONS = "DEBUG $(inherited)";
				SWIFT_OPTIMIZATION_LEVEL = "-Onone";
			};
			name = Debug;
		};
		A984275E2CA4B6B600C28D0D /* Release */ = {
			isa = XCBuildConfiguration;
			buildSettings = {
				ALWAYS_SEARCH_USER_PATHS = NO;
				ASSETCATALOG_COMPILER_GENERATE_SWIFT_ASSET_SYMBOL_EXTENSIONS = YES;
				CLANG_ANALYZER_NONNULL = YES;
				CLANG_ANALYZER_NUMBER_OBJECT_CONVERSION = YES_AGGRESSIVE;
				CLANG_CXX_LANGUAGE_STANDARD = "gnu++20";
				CLANG_ENABLE_MODULES = YES;
				CLANG_ENABLE_OBJC_ARC = YES;
				CLANG_ENABLE_OBJC_WEAK = YES;
				CLANG_WARN_BLOCK_CAPTURE_AUTORELEASING = YES;
				CLANG_WARN_BOOL_CONVERSION = YES;
				CLANG_WARN_COMMA = YES;
				CLANG_WARN_CONSTANT_CONVERSION = YES;
				CLANG_WARN_DEPRECATED_OBJC_IMPLEMENTATIONS = YES;
				CLANG_WARN_DIRECT_OBJC_ISA_USAGE = YES_ERROR;
				CLANG_WARN_DOCUMENTATION_COMMENTS = YES;
				CLANG_WARN_EMPTY_BODY = YES;
				CLANG_WARN_ENUM_CONVERSION = YES;
				CLANG_WARN_INFINITE_RECURSION = YES;
				CLANG_WARN_INT_CONVERSION = YES;
				CLANG_WARN_NON_LITERAL_NULL_CONVERSION = YES;
				CLANG_WARN_OBJC_IMPLICIT_RETAIN_SELF = YES;
				CLANG_WARN_OBJC_LITERAL_CONVERSION = YES;
				CLANG_WARN_OBJC_ROOT_CLASS = YES_ERROR;
				CLANG_WARN_QUOTED_INCLUDE_IN_FRAMEWORK_HEADER = YES;
				CLANG_WARN_RANGE_LOOP_ANALYSIS = YES;
				CLANG_WARN_STRICT_PROTOTYPES = YES;
				CLANG_WARN_SUSPICIOUS_MOVE = YES;
				CLANG_WARN_UNGUARDED_AVAILABILITY = YES_AGGRESSIVE;
				CLANG_WARN_UNREACHABLE_CODE = YES;
				CLANG_WARN__DUPLICATE_METHOD_MATCH = YES;
				COPY_PHASE_STRIP = NO;
				DEBUG_INFORMATION_FORMAT = "dwarf-with-dsym";
				ENABLE_NS_ASSERTIONS = NO;
				ENABLE_STRICT_OBJC_MSGSEND = YES;
				ENABLE_USER_SCRIPT_SANDBOXING = YES;
				GCC_C_LANGUAGE_STANDARD = gnu17;
				GCC_NO_COMMON_BLOCKS = YES;
				GCC_WARN_64_TO_32_BIT_CONVERSION = YES;
				GCC_WARN_ABOUT_RETURN_TYPE = YES_ERROR;
				GCC_WARN_UNDECLARED_SELECTOR = YES;
				GCC_WARN_UNINITIALIZED_AUTOS = YES_AGGRESSIVE;
				GCC_WARN_UNUSED_FUNCTION = YES;
				GCC_WARN_UNUSED_VARIABLE = YES;
				IPHONEOS_DEPLOYMENT_TARGET = 17.5;
				LOCALIZATION_PREFERS_STRING_CATALOGS = YES;
				MTL_ENABLE_DEBUG_INFO = NO;
				MTL_FAST_MATH = YES;
				SDKROOT = iphoneos;
				SWIFT_COMPILATION_MODE = wholemodule;
				VALIDATE_PRODUCT = YES;
			};
			name = Release;
		};
		A98427602CA4B6B600C28D0D /* Debug */ = {
			isa = XCBuildConfiguration;
			buildSettings = {
				ASSETCATALOG_COMPILER_APPICON_NAME = AppIcon;
				ASSETCATALOG_COMPILER_GLOBAL_ACCENT_COLOR_NAME = AccentColor;
				CODE_SIGN_STYLE = Automatic;
				CURRENT_PROJECT_VERSION = 1;
				DEVELOPMENT_ASSET_PATHS = "\"LocationTrackerNKC/Preview Content\"";
				DEVELOPMENT_TEAM = LH422Z8NUV;
				ENABLE_PREVIEWS = YES;
				GENERATE_INFOPLIST_FILE = YES;
				INFOPLIST_FILE = LocationTrackerNKC/Info.plist;
				INFOPLIST_KEY_CFBundleDisplayName = "";
				INFOPLIST_KEY_LSApplicationCategoryType = "";
				INFOPLIST_KEY_NSLocationAlwaysAndWhenInUseUsageDescription = "This app requires location access to track your visits.";
				INFOPLIST_KEY_NSLocationAlwaysUsageDescription = "Location access is needed to monitor places in the background.";
				INFOPLIST_KEY_NSLocationWhenInUseUsageDescription = "This app needs your location to provide accurate place tracking.";
				INFOPLIST_KEY_UIApplicationSceneManifest_Generation = YES;
				INFOPLIST_KEY_UIApplicationSupportsIndirectInputEvents = YES;
				INFOPLIST_KEY_UILaunchScreen_Generation = YES;
				INFOPLIST_KEY_UISupportedInterfaceOrientations_iPad = "UIInterfaceOrientationPortrait UIInterfaceOrientationPortraitUpsideDown UIInterfaceOrientationLandscapeLeft UIInterfaceOrientationLandscapeRight";
				INFOPLIST_KEY_UISupportedInterfaceOrientations_iPhone = "UIInterfaceOrientationPortrait UIInterfaceOrientationLandscapeLeft UIInterfaceOrientationLandscapeRight";
				IPHONEOS_DEPLOYMENT_TARGET = 17.5;
				LD_RUNPATH_SEARCH_PATHS = (
					"$(inherited)",
					"@executable_path/Frameworks",
				);
				MARKETING_VERSION = 1.0;
				PRODUCT_BUNDLE_IDENTIFIER = com.tavin;
				PRODUCT_NAME = "$(TARGET_NAME)";
				SWIFT_EMIT_LOC_STRINGS = YES;
				SWIFT_VERSION = 5.0;
				TARGETED_DEVICE_FAMILY = "1,2";
			};
			name = Debug;
		};
		A98427612CA4B6B600C28D0D /* Release */ = {
			isa = XCBuildConfiguration;
			buildSettings = {
				ASSETCATALOG_COMPILER_APPICON_NAME = AppIcon;
				ASSETCATALOG_COMPILER_GLOBAL_ACCENT_COLOR_NAME = AccentColor;
				CODE_SIGN_STYLE = Automatic;
				CURRENT_PROJECT_VERSION = 1;
				DEVELOPMENT_ASSET_PATHS = "\"LocationTrackerNKC/Preview Content\"";
				DEVELOPMENT_TEAM = LH422Z8NUV;
				ENABLE_PREVIEWS = YES;
				GENERATE_INFOPLIST_FILE = YES;
				INFOPLIST_FILE = LocationTrackerNKC/Info.plist;
				INFOPLIST_KEY_CFBundleDisplayName = "";
				INFOPLIST_KEY_LSApplicationCategoryType = "";
				INFOPLIST_KEY_NSLocationAlwaysAndWhenInUseUsageDescription = "This app requires location access to track your visits.";
				INFOPLIST_KEY_NSLocationAlwaysUsageDescription = "Location access is needed to monitor places in the background.";
				INFOPLIST_KEY_NSLocationWhenInUseUsageDescription = "This app needs your location to provide accurate place tracking.";
				INFOPLIST_KEY_UIApplicationSceneManifest_Generation = YES;
				INFOPLIST_KEY_UIApplicationSupportsIndirectInputEvents = YES;
				INFOPLIST_KEY_UILaunchScreen_Generation = YES;
				INFOPLIST_KEY_UISupportedInterfaceOrientations_iPad = "UIInterfaceOrientationPortrait UIInterfaceOrientationPortraitUpsideDown UIInterfaceOrientationLandscapeLeft UIInterfaceOrientationLandscapeRight";
				INFOPLIST_KEY_UISupportedInterfaceOrientations_iPhone = "UIInterfaceOrientationPortrait UIInterfaceOrientationLandscapeLeft UIInterfaceOrientationLandscapeRight";
				IPHONEOS_DEPLOYMENT_TARGET = 17.5;
				LD_RUNPATH_SEARCH_PATHS = (
					"$(inherited)",
					"@executable_path/Frameworks",
				);
				MARKETING_VERSION = 1.0;
				PRODUCT_BUNDLE_IDENTIFIER = com.tavin;
				PRODUCT_NAME = "$(TARGET_NAME)";
				SWIFT_EMIT_LOC_STRINGS = YES;
				SWIFT_VERSION = 5.0;
				TARGETED_DEVICE_FAMILY = "1,2";
			};
			name = Release;
		};
/* End XCBuildConfiguration section */

/* Begin XCConfigurationList section */
		A984274C2CA4B6B400C28D0D /* Build configuration list for PBXProject "LocationTrackerNKC" */ = {
			isa = XCConfigurationList;
			buildConfigurations = (
				A984275D2CA4B6B600C28D0D /* Debug */,
				A984275E2CA4B6B600C28D0D /* Release */,
			);
			defaultConfigurationIsVisible = 0;
			defaultConfigurationName = Release;
		};
		A984275F2CA4B6B600C28D0D /* Build configuration list for PBXNativeTarget "LocationTrackerNKC" */ = {
			isa = XCConfigurationList;
			buildConfigurations = (
				A98427602CA4B6B600C28D0D /* Debug */,
				A98427612CA4B6B600C28D0D /* Release */,
			);
			defaultConfigurationIsVisible = 0;
			defaultConfigurationName = Release;
		};
/* End XCConfigurationList section */
	};
	rootObject = A98427492CA4B6B400C28D0D /* Project object */;
}
